
Microsoft Visual Studio Solution File, Format Version 12.00
# Visual Studio Version 16
VisualStudioVersion = 16.0.29215.179
MinimumVisualStudioVersion = 10.0.40219.1
Project("{9A19103F-16F7-4668-BE54-9A1E7A4F7556}") = "TCC", "TCC\TCC.csproj", "{81929804-B2BC-44FC-8D5A-B9397C6BF71F}"
EndProject
Project("{9A19103F-16F7-4668-BE54-9A1E7A4F7556}") = "BaseGrafo", "Grafo\BaseGrafo.csproj", "{AEC829DA-3169-475B-A906-A390B2E16119}"
EndProject
Project("{9A19103F-16F7-4668-BE54-9A1E7A4F7556}") = "BaseSimulacao", "Simulacao\BaseSimulacao.csproj", "{AB07E8DD-8328-453E-9E48-F1585409E9CE}"
EndProject
Project("{FAE04EC0-301F-11D3-BF4B-00C04F79EFBC}") = "TCC.IA", "TCC.IA\TCC.IA.csproj", "{B6F498E3-98B6-4643-9D6E-2022A74C8288}"
EndProject
Global
	GlobalSection(SolutionConfigurationPlatforms) = preSolution
		Debug|Any CPU = Debug|Any CPU
		Release|Any CPU = Release|Any CPU
	EndGlobalSection
	GlobalSection(ProjectConfigurationPlatforms) = postSolution
		{81929804-B2BC-44FC-8D5A-B9397C6BF71F}.Debug|Any CPU.ActiveCfg = Debug|Any CPU
		{81929804-B2BC-44FC-8D5A-B9397C6BF71F}.Debug|Any CPU.Build.0 = Debug|Any CPU
		{81929804-B2BC-44FC-8D5A-B9397C6BF71F}.Release|Any CPU.ActiveCfg = Release|Any CPU
		{81929804-B2BC-44FC-8D5A-B9397C6BF71F}.Release|Any CPU.Build.0 = Release|Any CPU
		{AEC829DA-3169-475B-A906-A390B2E16119}.Debug|Any CPU.ActiveCfg = Debug|Any CPU
		{AEC829DA-3169-475B-A906-A390B2E16119}.Debug|Any CPU.Build.0 = Debug|Any CPU
		{AEC829DA-3169-475B-A906-A390B2E16119}.Release|Any CPU.ActiveCfg = Release|Any CPU
		{AEC829DA-3169-475B-A906-A390B2E16119}.Release|Any CPU.Build.0 = Release|Any CPU
		{AB07E8DD-8328-453E-9E48-F1585409E9CE}.Debug|Any CPU.ActiveCfg = Debug|Any CPU
		{AB07E8DD-8328-453E-9E48-F1585409E9CE}.Debug|Any CPU.Build.0 = Debug|Any CPU
		{AB07E8DD-8328-453E-9E48-F1585409E9CE}.Release|Any CPU.ActiveCfg = Release|Any CPU
		{AB07E8DD-8328-453E-9E48-F1585409E9CE}.Release|Any CPU.Build.0 = Release|Any CPU
		{B6F498E3-98B6-4643-9D6E-2022A74C8288}.Debug|Any CPU.ActiveCfg = Debug|Any CPU
		{B6F498E3-98B6-4643-9D6E-2022A74C8288}.Debug|Any CPU.Build.0 = Debug|Any CPU
		{B6F498E3-98B6-4643-9D6E-2022A74C8288}.Release|Any CPU.ActiveCfg = Release|Any CPU
		{B6F498E3-98B6-4643-9D6E-2022A74C8288}.Release|Any CPU.Build.0 = Release|Any CPU
	EndGlobalSection
	GlobalSection(SolutionProperties) = preSolution
		HideSolutionNode = FALSE
	EndGlobalSection
	GlobalSection(ExtensibilityGlobals) = postSolution
		SolutionGuid = {7BF750DC-A91E-446C-B0C1-1151E5BB447F}
	EndGlobalSection
EndGlobal
